
Microsoft Visual Studio Solution File, Format Version 12.00
# Visual Studio Version 17
VisualStudioVersion = 17.1.32421.90
MinimumVisualStudioVersion = 10.0.40219.1
Project("{FAE04EC0-301F-11D3-BF4B-00C04F79EFBC}") = "SMA", "SMA\SMA.csproj", "{4418CCA5-355D-4E4B-B18C-464970BFF051}"
EndProject
Global
	GlobalSection(SolutionConfigurationPlatforms) = preSolution
		Debug|Any CPU = Debug|Any CPU
		Release|Any CPU = Release|Any CPU
	EndGlobalSection
	GlobalSection(ProjectConfigurationPlatforms) = postSolution
		{4418CCA5-355D-4E4B-B18C-464970BFF051}.Debug|Any CPU.ActiveCfg = Debug|Any CPU
		{4418CCA5-355D-4E4B-B18C-464970BFF051}.Debug|Any CPU.Build.0 = Debug|Any CPU
		{4418CCA5-355D-4E4B-B18C-464970BFF051}.Release|Any CPU.ActiveCfg = Release|Any CPU
		{4418CCA5-355D-4E4B-B18C-464970BFF051}.Release|Any CPU.Build.0 = Release|Any CPU
	EndGlobalSection
	GlobalSection(SolutionProperties) = preSolution
		HideSolutionNode = FALSE
	EndGlobalSection
	GlobalSection(ExtensibilityGlobals) = postSolution
		SolutionGuid = {43CF4130-386B-4460-8BF1-4E0C1651379A}
	EndGlobalSection
EndGlobal
